
Microsoft Visual Studio Solution File, Format Version 12.00
# Visual Studio Version 17
VisualStudioVersion = 17.0.31903.59
MinimumVisualStudioVersion = 10.0.40219.1
Project("{FAE04EC0-301F-11D3-BF4B-00C04F79EFBC}") = "DonationLibrary", "DonationLibrary\DonationLibrary.csproj", "{F8B09B31-AF98-43F0-B3D3-064B03986B51}"
EndProject
Project("{FAE04EC0-301F-11D3-BF4B-00C04F79EFBC}") = "ServerBlazorEF", "ServerBlazorEF\ServerBlazorEF.csproj", "{FD85D8A5-5A58-4C07-AEAF-44872785A017}"
EndProject
Global
	GlobalSection(SolutionConfigurationPlatforms) = preSolution
		Debug|Any CPU = Debug|Any CPU
		Release|Any CPU = Release|Any CPU
	EndGlobalSection
	GlobalSection(SolutionProperties) = preSolution
		HideSolutionNode = FALSE
	EndGlobalSection
	GlobalSection(ProjectConfigurationPlatforms) = postSolution
		{F8B09B31-AF98-43F0-B3D3-064B03986B51}.Debug|Any CPU.ActiveCfg = Debug|Any CPU
		{F8B09B31-AF98-43F0-B3D3-064B03986B51}.Debug|Any CPU.Build.0 = Debug|Any CPU
		{F8B09B31-AF98-43F0-B3D3-064B03986B51}.Release|Any CPU.ActiveCfg = Release|Any CPU
		{F8B09B31-AF98-43F0-B3D3-064B03986B51}.Release|Any CPU.Build.0 = Release|Any CPU
		{FD85D8A5-5A58-4C07-AEAF-44872785A017}.Debug|Any CPU.ActiveCfg = Debug|Any CPU
		{FD85D8A5-5A58-4C07-AEAF-44872785A017}.Debug|Any CPU.Build.0 = Debug|Any CPU
		{FD85D8A5-5A58-4C07-AEAF-44872785A017}.Release|Any CPU.ActiveCfg = Release|Any CPU
		{FD85D8A5-5A58-4C07-AEAF-44872785A017}.Release|Any CPU.Build.0 = Release|Any CPU
	EndGlobalSection
EndGlobal
