
Microsoft Visual Studio Solution File, Format Version 12.00
# Visual Studio Version 17
VisualStudioVersion = 17.5.002.0
MinimumVisualStudioVersion = 10.0.40219.1
Project("{9A19103F-16F7-4668-BE54-9A1E7A4F7556}") = "ServerBlazorEF", "ServerBlazorEF.csproj", "{CF0FD2BB-70C4-459B-94F4-94E320E00EFB}"
EndProject
Global
	GlobalSection(SolutionConfigurationPlatforms) = preSolution
		Debug|Any CPU = Debug|Any CPU
		Release|Any CPU = Release|Any CPU
	EndGlobalSection
	GlobalSection(ProjectConfigurationPlatforms) = postSolution
		{CF0FD2BB-70C4-459B-94F4-94E320E00EFB}.Debug|Any CPU.ActiveCfg = Debug|Any CPU
		{CF0FD2BB-70C4-459B-94F4-94E320E00EFB}.Debug|Any CPU.Build.0 = Debug|Any CPU
		{CF0FD2BB-70C4-459B-94F4-94E320E00EFB}.Release|Any CPU.ActiveCfg = Release|Any CPU
		{CF0FD2BB-70C4-459B-94F4-94E320E00EFB}.Release|Any CPU.Build.0 = Release|Any CPU
	EndGlobalSection
	GlobalSection(SolutionProperties) = preSolution
		HideSolutionNode = FALSE
	EndGlobalSection
	GlobalSection(ExtensibilityGlobals) = postSolution
		SolutionGuid = {08B693DB-2E3D-488C-BD56-FAD1702EF5FA}
	EndGlobalSection
EndGlobal
